
Microsoft Visual Studio Solution File, Format Version 12.00
# Visual Studio Version 17
VisualStudioVersion = 17.3.32929.385
MinimumVisualStudioVersion = 10.0.40219.1
Project("{FAE04EC0-301F-11D3-BF4B-00C04F79EFBC}") = "Nonogram Solver", "Nonogram Solver\Nonogram Solver.csproj", "{9395127B-CE72-41EF-A6A9-985552B59CB1}"
EndProject
Global
	GlobalSection(SolutionConfigurationPlatforms) = preSolution
		Debug|Any CPU = Debug|Any CPU
		Release|Any CPU = Release|Any CPU
	EndGlobalSection
	GlobalSection(ProjectConfigurationPlatforms) = postSolution
		{9395127B-CE72-41EF-A6A9-985552B59CB1}.Debug|Any CPU.ActiveCfg = Debug|Any CPU
		{9395127B-CE72-41EF-A6A9-985552B59CB1}.Debug|Any CPU.Build.0 = Debug|Any CPU
		{9395127B-CE72-41EF-A6A9-985552B59CB1}.Release|Any CPU.ActiveCfg = Release|Any CPU
		{9395127B-CE72-41EF-A6A9-985552B59CB1}.Release|Any CPU.Build.0 = Release|Any CPU
	EndGlobalSection
	GlobalSection(SolutionProperties) = preSolution
		HideSolutionNode = FALSE
	EndGlobalSection
	GlobalSection(ExtensibilityGlobals) = postSolution
		SolutionGuid = {0F74242E-3FE9-44C1-847A-F476397CE187}
	EndGlobalSection
EndGlobal
